
Microsoft Visual Studio Solution File, Format Version 11.00
# Visual Studio 2010
Project("{FAE04EC0-301F-11D3-BF4B-00C04F79EFBC}") = "Boogle.Mvc", "Boogle.Mvc\Boogle.Mvc.csproj", "{A544B4A1-67B4-4256-8C50-A61529F9A3C7}"
EndProject
Global
	GlobalSection(SolutionConfigurationPlatforms) = preSolution
		Debug|Any CPU = Debug|Any CPU
		Release|Any CPU = Release|Any CPU
	EndGlobalSection
	GlobalSection(ProjectConfigurationPlatforms) = postSolution
		{A544B4A1-67B4-4256-8C50-A61529F9A3C7}.Debug|Any CPU.ActiveCfg = Debug|Any CPU
		{A544B4A1-67B4-4256-8C50-A61529F9A3C7}.Debug|Any CPU.Build.0 = Debug|Any CPU
		{A544B4A1-67B4-4256-8C50-A61529F9A3C7}.Release|Any CPU.ActiveCfg = Release|Any CPU
		{A544B4A1-67B4-4256-8C50-A61529F9A3C7}.Release|Any CPU.Build.0 = Release|Any CPU
	EndGlobalSection
	GlobalSection(SolutionProperties) = preSolution
		HideSolutionNode = FALSE
	EndGlobalSection
EndGlobal
